<?xml version="1.0" encoding="utf-8"?>
<Project ToolsVersion="4.0" xmlns="http://schemas.microsoft.com/developer/msbuild/2003">
  <ItemGroup>
    <ClCompile Include="main.cpp" />
    <ClCompile Include="Switching.cpp" />
    <ClCompile Include="Triangle.cpp" />
    <ClCompile Include="Class\Object\Object.cpp">
      <Filter>Class\Object</Filter>
    </ClCompile>
    <ClCompile Include="Class\Object\Player\Player.cpp">
      <Filter>Class\Object\Player</Filter>
    </ClCompile>
    <ClCompile Include="Class\Object\CarryBlock\CarryBlock.cpp">
      <Filter>Class\Object\CarryBlock</Filter>
    </ClCompile>
    <ClCompile Include="Class\Object\CarryBlock\Bomb\Bomb.cpp">
      <Filter>Class\Object\CarryBlock\Bomb</Filter>
    </ClCompile>
    <ClCompile Include="Class\Object\CarryBlock\IceGhost\IceGhost.cpp">
      <Filter>Class\Object\CarryBlock\IceGhost</Filter>
    </ClCompile>
    <ClCompile Include="Class\Object\CarryBlock\Plastic\Plastic.cpp">
      <Filter>Class\Object\CarryBlock\Plastic</Filter>
    </ClCompile>
    <ClCompile Include="Class\Object\CarryBlock\Treasure\Treasure.cpp">
      <Filter>Class\Object\CarryBlock\Treasure</Filter>
    </ClCompile>
    <ClCompile Include="Class\Object\CarryBlock\Cushion\Cushion.cpp">
      <Filter>Class\Object\CarryBlock\Cushion</Filter>
    </ClCompile>
    <ClCompile Include="Class\Object\Particle\Cold\Cold.cpp">
      <Filter>Class\Object\Particle\Cold</Filter>
    </ClCompile>
    <ClCompile Include="Class\Object\Particle\Particle.cpp">
      <Filter>Class\Object\Particle</Filter>
    </ClCompile>
    <ClCompile Include="Class\Texture\Texture.cpp">
      <Filter>Class\Texture</Filter>
    </ClCompile>
    <ClCompile Include="Class\Texture\Title\Title.cpp">
      <Filter>Class\Texture\Title</Filter>
    </ClCompile>
    <ClCompile Include="Class\Map\Map.cpp">
      <Filter>Class\Map</Filter>
    </ClCompile>
    <ClCompile Include="Class\DrawMap\DrawMap.cpp">
      <Filter>Class\DrawMap</Filter>
    </ClCompile>
    <ClCompile Include="Function\Matrix\Matrix.cpp">
      <Filter>Function\Matrix</Filter>
    </ClCompile>
    <ClCompile Include="Function\Vector\Vector.cpp">
      <Filter>Function\Vector</Filter>
    </ClCompile>
    <ClCompile Include="Class\Object\Particle\Debris\Debris.cpp">
      <Filter>Class\Object\Particle\Debris</Filter>
    </ClCompile>
    <ClCompile Include="Class\Object\Enemy\Enemy.cpp">
      <Filter>Class\Object\Enemy</Filter>
    </ClCompile>
    <ClCompile Include="Class\Object\Enemy\Ghost\Ghost.cpp">
      <Filter>Class\Object\Enemy\Ghost</Filter>
    </ClCompile>
    <ClCompile Include="Class\Object\Particle\Water\Water.cpp">
      <Filter>Class\Object\Particle\Water</Filter>
    </ClCompile>
    <ClCompile Include="Class\Object\Particle\Snow\Snow.cpp">
      <Filter>Class\Object\Particle\Snow</Filter>
    </ClCompile>
    <ClCompile Include="Class\Object\Particle\SnowShining\SnowShining.cpp">
      <Filter>Class\Object\Particle\SnowShining</Filter>
    </ClCompile>
    <ClCompile Include="Class\Object\Particle\SnowCarry\SnowCarry.cpp">
      <Filter>Class\Object\Particle\SnowCarry</Filter>
    </ClCompile>
    <ClCompile Include="Class\Object\Particle\Hinoko\Hinoko.cpp">
      <Filter>Class\Object\Particle\Hinoko</Filter>
    </ClCompile>
    <ClCompile Include="Class\Object\Particle\Landing\Landing.cpp">
      <Filter>Class\Object\Particle\Landing</Filter>
    </ClCompile>
    <ClCompile Include="Class\Object\Particle\Vapor\Vapor.cpp">
      <Filter>Class\Object\Particle\Vapor</Filter>
    </ClCompile>
    <ClCompile Include="Class\Scene\Scene.cpp">
      <Filter>Class\Scene</Filter>
    </ClCompile>
    <ClCompile Include="C:\KamataEngine\DirectXGame\base\DirectXCommon.cpp">
      <Filter>KamataEngine</Filter>
    </ClCompile>
    <ClCompile Include="C:\KamataEngine\DirectXGame\scene\GameScene.cpp">
      <Filter>KamataEngine</Filter>
    </ClCompile>
    <ClCompile Include="C:\KamataEngine\DirectXGame\2d\ImGuiManager.cpp">
      <Filter>KamataEngine</Filter>
    </ClCompile>
    <ClCompile Include="C:\KamataEngine\Adapter\Novice.cpp">
      <Filter>KamataEngine</Filter>
    </ClCompile>
    <ClCompile Include="C:\KamataEngine\DirectXGame\base\StringUtility.cpp">
      <Filter>KamataEngine</Filter>
    </ClCompile>
    <ClCompile Include="C:\KamataEngine\DirectXGame\base\TextureManager.cpp">
      <Filter>KamataEngine</Filter>
    </ClCompile>
    <ClCompile Include="C:\KamataEngine\DirectXGame\base\WinApp.cpp">
      <Filter>KamataEngine</Filter>
    </ClCompile>
    <ClCompile Include="Class\Texture\Transition\Transition.cpp">
      <Filter>Class\Texture\Transition</Filter>
    </ClCompile>
  </ItemGroup>
  <ItemGroup>
    <ClInclude Include="Constant.h" />
    <ClInclude Include="Enumeration.h" />
    <ClInclude Include="Structure.h" />
    <ClInclude Include="Switching.h" />
    <ClInclude Include="Triangle.h" />
    <ClInclude Include="Class\Object\Object.h">
      <Filter>Class\Object</Filter>
    </ClInclude>
    <ClInclude Include="Class\Object\Player\Player.h">
      <Filter>Class\Object\Player</Filter>
    </ClInclude>
    <ClInclude Include="Class\Object\CarryBlock\CarryBlock.h">
      <Filter>Class\Object\CarryBlock</Filter>
    </ClInclude>
    <ClInclude Include="Class\Object\CarryBlock\Bomb\Bomb.h">
      <Filter>Class\Object\CarryBlock\Bomb</Filter>
    </ClInclude>
    <ClInclude Include="Class\Object\CarryBlock\IceGhost\IceGhost.h">
      <Filter>Class\Object\CarryBlock\IceGhost</Filter>
    </ClInclude>
    <ClInclude Include="Class\Object\CarryBlock\Plastic\Plastic.h">
      <Filter>Class\Object\CarryBlock\Plastic</Filter>
    </ClInclude>
    <ClInclude Include="Class\Object\CarryBlock\Treasure\Treasure.h">
      <Filter>Class\Object\CarryBlock\Treasure</Filter>
    </ClInclude>
    <ClInclude Include="Class\Object\CarryBlock\Cushion\Cushion.h">
      <Filter>Class\Object\CarryBlock\Cushion</Filter>
    </ClInclude>
    <ClInclude Include="Class\Object\Particle\Cold\Cold.h">
      <Filter>Class\Object\Particle\Cold</Filter>
    </ClInclude>
    <ClInclude Include="Class\Object\Particle\Particle.h">
      <Filter>Class\Object\Particle</Filter>
    </ClInclude>
    <ClInclude Include="Class\Texture\Texture.h">
      <Filter>Class\Texture</Filter>
    </ClInclude>
    <ClInclude Include="Class\Texture\Title\Title.h">
      <Filter>Class\Texture\Title</Filter>
    </ClInclude>
    <ClInclude Include="Class\Map\Map.h">
      <Filter>Class\Map</Filter>
    </ClInclude>
    <ClInclude Include="Class\DrawMap\DrawMap.h">
      <Filter>Class\DrawMap</Filter>
    </ClInclude>
    <ClInclude Include="Function\Matrix\Matrix.h">
      <Filter>Function\Matrix</Filter>
    </ClInclude>
    <ClInclude Include="Function\Vector\Vector.h">
      <Filter>Function\Vector</Filter>
    </ClInclude>
    <ClInclude Include="Class\Object\Particle\Debris\Debris.h">
      <Filter>Class\Object\Particle\Debris</Filter>
    </ClInclude>
    <ClInclude Include="Class\Object\Enemy\Enemy.h">
      <Filter>Class\Object\Enemy</Filter>
    </ClInclude>
    <ClInclude Include="Class\Object\Enemy\Ghost\Ghost.h">
      <Filter>Class\Object\Enemy\Ghost</Filter>
    </ClInclude>
    <ClInclude Include="Class\Object\Particle\Water\Water.h">
      <Filter>Class\Object\Particle\Water</Filter>
    </ClInclude>
    <ClInclude Include="Class\Object\Particle\Snow\Snow.h">
      <Filter>Class\Object\Particle\Snow</Filter>
    </ClInclude>
    <ClInclude Include="Class\Object\Particle\SnowShining\SnowShining.h">
      <Filter>Class\Object\Particle\SnowShining</Filter>
    </ClInclude>
    <ClInclude Include="Class\Object\Particle\SnowCarry\SnowCarry.h">
      <Filter>Class\Object\Particle\SnowCarry</Filter>
    </ClInclude>
    <ClInclude Include="Class\Object\Particle\Hinoko\Hinoko.h">
      <Filter>Class\Object\Particle\Hinoko</Filter>
    </ClInclude>
    <ClInclude Include="Class\Object\Particle\Landing\Landing.h">
      <Filter>Class\Object\Particle\Landing</Filter>
    </ClInclude>
    <ClInclude Include="Class\Object\Particle\Vapor\Vapor.h">
      <Filter>Class\Object\Particle\Vapor</Filter>
    </ClInclude>
    <ClInclude Include="Class\Scene\Scene.h">
      <Filter>Class\Scene</Filter>
    </ClInclude>
    <ClInclude Include="C:\KamataEngine\DirectXGame\audio\Audio.h">
      <Filter>KamataEngine</Filter>
    </ClInclude>
    <ClInclude Include="C:\KamataEngine\DirectXGame\3d\CircleShadow.h">
      <Filter>KamataEngine</Filter>
    </ClInclude>
    <ClInclude Include="C:\KamataEngine\DirectXGame\3d\DebugCamera.h">
      <Filter>KamataEngine</Filter>
    </ClInclude>
    <ClInclude Include="C:\KamataEngine\DirectXGame\2d\DebugText.h">
      <Filter>KamataEngine</Filter>
    </ClInclude>
    <ClInclude Include="C:\KamataEngine\DirectXGame\3d\DirectionalLight.h">
      <Filter>KamataEngine</Filter>
    </ClInclude>
    <ClInclude Include="C:\KamataEngine\DirectXGame\base\DirectXCommon.h">
      <Filter>KamataEngine</Filter>
    </ClInclude>
    <ClInclude Include="C:\KamataEngine\DirectXGame\scene\GameScene.h">
      <Filter>KamataEngine</Filter>
    </ClInclude>
    <ClInclude Include="C:\KamataEngine\DirectXGame\2d\ImGuiManager.h">
      <Filter>KamataEngine</Filter>
    </ClInclude>
    <ClInclude Include="C:\KamataEngine\DirectXGame\input\Input.h">
      <Filter>KamataEngine</Filter>
    </ClInclude>
    <ClInclude Include="C:\KamataEngine\DirectXGame\3d\LightGroup.h">
      <Filter>KamataEngine</Filter>
    </ClInclude>
    <ClInclude Include="C:\KamataEngine\DirectXGame\3d\Material.h">
      <Filter>KamataEngine</Filter>
    </ClInclude>
    <ClInclude Include="C:\KamataEngine\DirectXGame\math\Matrix4x4.h">
      <Filter>KamataEngine</Filter>
    </ClInclude>
    <ClInclude Include="C:\KamataEngine\DirectXGame\3d\Mesh.h">
      <Filter>KamataEngine</Filter>
    </ClInclude>
    <ClInclude Include="C:\KamataEngine\DirectXGame\3d\Model.h">
      <Filter>KamataEngine</Filter>
    </ClInclude>
    <ClInclude Include="C:\KamataEngine\Adapter\Novice.h">
      <Filter>KamataEngine</Filter>
    </ClInclude>
    <ClInclude Include="C:\KamataEngine\DirectXGame\3d\PointLight.h">
      <Filter>KamataEngine</Filter>
    </ClInclude>
    <ClInclude Include="C:\KamataEngine\DirectXGame\base\SafeDelete.h">
      <Filter>KamataEngine</Filter>
    </ClInclude>
    <ClInclude Include="C:\KamataEngine\DirectXGame\3d\SpotLight.h">
      <Filter>KamataEngine</Filter>
    </ClInclude>
    <ClInclude Include="C:\KamataEngine\DirectXGame\2d\Sprite.h">
      <Filter>KamataEngine</Filter>
    </ClInclude>
    <ClInclude Include="C:\KamataEngine\DirectXGame\base\StringUtility.h">
      <Filter>KamataEngine</Filter>
    </ClInclude>
    <ClInclude Include="C:\KamataEngine\DirectXGame\base\TextureManager.h">
      <Filter>KamataEngine</Filter>
    </ClInclude>
    <ClInclude Include="C:\KamataEngine\DirectXGame\math\Vector2.h">
      <Filter>KamataEngine</Filter>
    </ClInclude>
    <ClInclude Include="C:\KamataEngine\DirectXGame\math\Vector3.h">
      <Filter>KamataEngine</Filter>
    </ClInclude>
    <ClInclude Include="C:\KamataEngine\DirectXGame\math\Vector4.h">
      <Filter>KamataEngine</Filter>
    </ClInclude>
    <ClInclude Include="C:\KamataEngine\DirectXGame\3d\ViewProjection.h">
      <Filter>KamataEngine</Filter>
    </ClInclude>
    <ClInclude Include="C:\KamataEngine\DirectXGame\base\WinApp.h">
      <Filter>KamataEngine</Filter>
    </ClInclude>
    <ClInclude Include="C:\KamataEngine\DirectXGame\3d\WorldTransform.h">
      <Filter>KamataEngine</Filter>
    </ClInclude>
    <ClInclude Include="Class\Texture\Transition\Transition.h">
      <Filter>Class\Texture\Transition</Filter>
    </ClInclude>
  </ItemGroup>
  <ItemGroup>
    <Filter Include="Class">
      <UniqueIdentifier>{1c899166-f0db-476a-82bd-5933e711af12}</UniqueIdentifier>
    </Filter>
    <Filter Include="Class\Object">
      <UniqueIdentifier>{3b76bd25-f9c9-4ed7-a906-f113cf580410}</UniqueIdentifier>
    </Filter>
    <Filter Include="Class\Object\Player">
      <UniqueIdentifier>{5efcf606-ed29-4c81-8dee-ada798441a5b}</UniqueIdentifier>
    </Filter>
    <Filter Include="Class\Object\CarryBlock">
      <UniqueIdentifier>{57c91afe-10d0-48eb-a606-080b4a84db3c}</UniqueIdentifier>
    </Filter>
    <Filter Include="Class\Object\CarryBlock\Bomb">
      <UniqueIdentifier>{797513a0-8eac-46eb-aa05-cd2424d73cbe}</UniqueIdentifier>
    </Filter>
    <Filter Include="Class\Object\CarryBlock\IceGhost">
      <UniqueIdentifier>{58c9df98-20a0-46a1-b64d-15d7eba67236}</UniqueIdentifier>
    </Filter>
    <Filter Include="Class\Object\CarryBlock\Treasure">
      <UniqueIdentifier>{40306ace-2e0d-493c-a9d1-f9e728b79cb1}</UniqueIdentifier>
    </Filter>
    <Filter Include="Class\Object\CarryBlock\Plastic">
      <UniqueIdentifier>{fe6d36ad-22e1-4873-91fe-d5b43774c289}</UniqueIdentifier>
    </Filter>
    <Filter Include="Class\Object\CarryBlock\Cushion">
      <UniqueIdentifier>{f3d18c10-aeba-4f8a-8135-890e0072a17c}</UniqueIdentifier>
    </Filter>
    <Filter Include="Class\Object\Particle">
      <UniqueIdentifier>{e3610346-1e43-414e-9e56-438efcfa1a3b}</UniqueIdentifier>
    </Filter>
    <Filter Include="Class\Object\Particle\Cold">
      <UniqueIdentifier>{d796692a-2ed6-49b3-bbd9-49da463ad168}</UniqueIdentifier>
    </Filter>
    <Filter Include="Class\Texture">
      <UniqueIdentifier>{ac55a1e3-6895-4c5c-a634-5406b5b8dd87}</UniqueIdentifier>
    </Filter>
    <Filter Include="Class\Texture\Title">
      <UniqueIdentifier>{b86823d1-b572-48c3-910c-c701b6744254}</UniqueIdentifier>
    </Filter>
    <Filter Include="Class\Map">
      <UniqueIdentifier>{7b81949b-1434-41db-ac76-c402d6a31291}</UniqueIdentifier>
    </Filter>
    <Filter Include="Class\DrawMap">
      <UniqueIdentifier>{963a2297-2b3d-42fb-a0db-949c405e7a08}</UniqueIdentifier>
    </Filter>
    <Filter Include="Function">
      <UniqueIdentifier>{98d7b868-20cd-4cfc-ae50-5613c57549c6}</UniqueIdentifier>
    </Filter>
    <Filter Include="Function\Matrix">
      <UniqueIdentifier>{b20bf881-7b89-44a2-a63a-c32dcddcc9dc}</UniqueIdentifier>
    </Filter>
    <Filter Include="Function\Vector">
      <UniqueIdentifier>{d908b083-2f01-4b4a-894c-f450f2422a5d}</UniqueIdentifier>
    </Filter>
    <Filter Include="Class\Object\Particle\Debris">
      <UniqueIdentifier>{13ba5ff4-10de-4aa4-bd6b-8b6ec51d1235}</UniqueIdentifier>
    </Filter>
    <Filter Include="Class\Object\Enemy">
      <UniqueIdentifier>{ea284e08-6e5a-48c1-99b3-14abccf15c6e}</UniqueIdentifier>
    </Filter>
    <Filter Include="Class\Object\Enemy\Ghost">
      <UniqueIdentifier>{0a04eab8-f467-45eb-9f35-202885978de4}</UniqueIdentifier>
    </Filter>
    <Filter Include="Class\Object\Particle\Water">
      <UniqueIdentifier>{bbb4c9ee-65ed-4b46-a983-9dac1bf7199a}</UniqueIdentifier>
    </Filter>
    <Filter Include="Class\Object\Particle\Snow">
      <UniqueIdentifier>{91724dbf-7974-4028-82b9-5bb53602f925}</UniqueIdentifier>
    </Filter>
    <Filter Include="Class\Object\Particle\SnowShining">
      <UniqueIdentifier>{98d42d8e-4e0c-4848-88ec-a7239d12ee4e}</UniqueIdentifier>
    </Filter>
    <Filter Include="Class\Object\Particle\SnowCarry">
      <UniqueIdentifier>{c2c88242-455b-40fe-84be-a40d9549d18a}</UniqueIdentifier>
    </Filter>
    <Filter Include="Class\Object\Particle\Hinoko">
      <UniqueIdentifier>{80db460c-676c-49a9-811a-ec9260939fcc}</UniqueIdentifier>
    </Filter>
    <Filter Include="Class\Object\Particle\Landing">
      <UniqueIdentifier>{b8559638-c5d8-425a-a14d-62dca716b13c}</UniqueIdentifier>
    </Filter>
    <Filter Include="Class\Object\Particle\Vapor">
      <UniqueIdentifier>{61cd5a88-5217-4025-80fe-ce03ed27e955}</UniqueIdentifier>
    </Filter>
    <Filter Include="Class\Scene">
      <UniqueIdentifier>{45f48f53-e895-49e3-bacd-3e6e88998ea5}</UniqueIdentifier>
    </Filter>
    <Filter Include="KamataEngine">
      <UniqueIdentifier>{8716266a-4f19-4562-a1fa-07e88a524957}</UniqueIdentifier>
    </Filter>
    <Filter Include="Class\Texture\Transition">
      <UniqueIdentifier>{e19b8db0-fe0c-43ea-a626-d2c0fe744370}</UniqueIdentifier>
    </Filter>
  </ItemGroup>
</Project>