<?xml version="1.0" encoding="utf-8"?>
<Project ToolsVersion="4.0" xmlns="http://schemas.microsoft.com/developer/msbuild/2003">
  <ItemGroup>
    <Filter Include="KamataEngine">
      <UniqueIdentifier>{4FC737F1-C7A5-4376-A066-2A32D752A2FF}</UniqueIdentifier>
      <Extensions>cpp;c;cc;cxx;c++;cppm;ixx;def;odl;idl;hpj;bat;asm;asmx</Extensions>
    </Filter>
    <Filter Include="KamataEngine\Source">
      <UniqueIdentifier>{d966e9f8-e880-44ae-8586-a08515e4cffc}</UniqueIdentifier>
    </Filter>
    <Filter Include="KamataEngine\Include">
      <UniqueIdentifier>{4aae4e40-94f7-4d32-9a91-c0c37a2edf0d}</UniqueIdentifier>
    </Filter>
    <Filter Include="KamataEngine\Adapter">
      <UniqueIdentifier>{c6468eb4-788b-4a83-b207-a5f4804e56c5}</UniqueIdentifier>
    </Filter>
    <Filter Include="Function">
      <UniqueIdentifier>{4a4d669a-de91-44df-8e0c-ef7a2b795426}</UniqueIdentifier>
    </Filter>
    <Filter Include="Class">
      <UniqueIdentifier>{68e2c41c-4740-498e-9cae-cea13a58df78}</UniqueIdentifier>
    </Filter>
    <Filter Include="Function\Matrix">
      <UniqueIdentifier>{b3149c08-4084-4c6f-ac31-a7f4b1ec6d96}</UniqueIdentifier>
    </Filter>
    <Filter Include="Class\Object">
      <UniqueIdentifier>{09a8502f-3d7d-44fe-8cc2-a7cc50277778}</UniqueIdentifier>
    </Filter>
    <Filter Include="Class\Object\Player">
      <UniqueIdentifier>{6cf3ec17-4b7b-47da-a4c0-bea4c8583e4d}</UniqueIdentifier>
    </Filter>
    <Filter Include="Class\Map">
      <UniqueIdentifier>{83331152-8df0-4fde-9161-1db9d7556602}</UniqueIdentifier>
    </Filter>
    <Filter Include="Class\Object\Enemy">
      <UniqueIdentifier>{4f213125-24f9-4564-b6db-e9168f76b215}</UniqueIdentifier>
    </Filter>
    <Filter Include="Class\Object\CarryBlock">
      <UniqueIdentifier>{b1424d34-088c-40c3-8bd1-8e3f68ecfa6a}</UniqueIdentifier>
    </Filter>
    <Filter Include="Class\Object\CarryBlock\Plastic">
      <UniqueIdentifier>{7a5ae3f9-5717-4ed9-b2dd-915e140dde9c}</UniqueIdentifier>
    </Filter>
    <Filter Include="Class\Object\CarryBlock\Treasure">
      <UniqueIdentifier>{9b6d1678-88b0-4109-bafb-3cab57d1ae15}</UniqueIdentifier>
    </Filter>
    <Filter Include="Class\Object\Enemy\Ghost">
      <UniqueIdentifier>{d9b4220f-b1a2-458f-80c0-b923ac1a2c76}</UniqueIdentifier>
    </Filter>
    <Filter Include="Class\Object\CarryBlock\IceGhost">
      <UniqueIdentifier>{049dfc18-2091-4205-945e-05ae04640a28}</UniqueIdentifier>
    </Filter>
    <Filter Include="Class\DrawMap">
      <UniqueIdentifier>{da5825c8-c0ed-4f83-ad40-2b66a3854675}</UniqueIdentifier>
    </Filter>
    <Filter Include="Class\Scene">
      <UniqueIdentifier>{c685d39e-a853-46bb-aae2-7e860c57fd74}</UniqueIdentifier>
    </Filter>
    <Filter Include="Class\Object\Particle">
      <UniqueIdentifier>{6979508b-943d-4cb2-82c8-c4d5426a44df}</UniqueIdentifier>
    </Filter>
    <Filter Include="Class\Object\CarryBlock\Cushion">
      <UniqueIdentifier>{2b24659e-fa69-4bdf-b22e-99c34426fc3f}</UniqueIdentifier>
    </Filter>
    <Filter Include="Class\Object\CarryBlock\Bomb">
      <UniqueIdentifier>{75677608-08f4-488d-8725-8a64817e9894}</UniqueIdentifier>
    </Filter>
    <Filter Include="Class\Object\Particle\SnowCarry">
      <UniqueIdentifier>{cab2b6bb-f36b-407e-b6ef-974ad66ea221}</UniqueIdentifier>
    </Filter>
    <Filter Include="Class\Object\Particle\Landing">
      <UniqueIdentifier>{b8c15dce-2529-474e-85c8-5f216a9004d9}</UniqueIdentifier>
    </Filter>
    <Filter Include="Class\Object\Particle\SnowShining">
      <UniqueIdentifier>{99d7f6c4-e3f7-4b2e-898c-bc0271b4e35e}</UniqueIdentifier>
    </Filter>
    <Filter Include="Class\Object\Particle\Snow">
      <UniqueIdentifier>{585ca220-dd81-4778-b575-2d0a074f5155}</UniqueIdentifier>
    </Filter>
    <Filter Include="Class\Object\Particle\Hinoko">
      <UniqueIdentifier>{8712f798-848c-4134-a0ae-0763498e8407}</UniqueIdentifier>
    </Filter>
    <Filter Include="Class\Object\Particle\Water">
      <UniqueIdentifier>{b5a5ffa9-dae0-47fa-966a-12b61a3c49e9}</UniqueIdentifier>
    </Filter>
    <Filter Include="Class\Object\Particle\Vapor">
      <UniqueIdentifier>{d10e53b0-7827-43f1-b77f-98711711e449}</UniqueIdentifier>
    </Filter>
    <Filter Include="Class\Object\Particle\Cold">
      <UniqueIdentifier>{2309cf5d-a80a-43b5-9a72-7d0a42a0a966}</UniqueIdentifier>
    </Filter>
  </ItemGroup>
  <ItemGroup>
    <ClCompile Include="C:\KamataEngine\DirectXGame\base\DirectXCommon.cpp">
      <Filter>KamataEngine\Source</Filter>
    </ClCompile>
    <ClCompile Include="C:\KamataEngine\DirectXGame\base\TextureManager.cpp">
      <Filter>KamataEngine\Source</Filter>
    </ClCompile>
    <ClCompile Include="C:\KamataEngine\DirectXGame\scene\GameScene.cpp">
      <Filter>KamataEngine\Source</Filter>
    </ClCompile>
    <ClCompile Include="C:\KamataEngine\DirectXGame\base\WinApp.cpp">
      <Filter>KamataEngine\Source</Filter>
    </ClCompile>
    <ClCompile Include="main.cpp" />
    <ClCompile Include="C:\KamataEngine\Adapter\Novice.cpp">
      <Filter>KamataEngine\Adapter</Filter>
    </ClCompile>
    <ClCompile Include="C:\KamataEngine\DirectXGame\2d\ImGuiManager.cpp">
      <Filter>KamataEngine</Filter>
    </ClCompile>
    <ClCompile Include="C:\KamataEngine\DirectXGame\base\StringUtility.cpp">
      <Filter>KamataEngine\Source</Filter>
    </ClCompile>
    <ClCompile Include="Function\Matrix\Matrix.cpp">
      <Filter>Function\Matrix</Filter>
    </ClCompile>
    <ClCompile Include="Class\Object\Object.cpp">
      <Filter>Class\Object</Filter>
    </ClCompile>
    <ClCompile Include="Class\Object\Player\Player.cpp">
      <Filter>Class\Object\Player</Filter>
    </ClCompile>
    <ClCompile Include="Class\Map\Map.cpp">
      <Filter>Class\Map</Filter>
    </ClCompile>
    <ClCompile Include="Class\Object\CarryBlock\CarryBlock.cpp">
      <Filter>Class\Object\CarryBlock</Filter>
    </ClCompile>
    <ClCompile Include="Class\Object\CarryBlock\Plastic\Plastic.cpp">
      <Filter>Class\Object\CarryBlock\Plastic</Filter>
    </ClCompile>
    <ClCompile Include="Class\Object\CarryBlock\Treasure\Treasure.cpp">
      <Filter>Class\Object\CarryBlock\Treasure</Filter>
    </ClCompile>
    <ClCompile Include="Class\Object\Enemy\Enemy.cpp">
      <Filter>Class\Object\Enemy</Filter>
    </ClCompile>
    <ClCompile Include="Class\Object\Enemy\Ghost\Ghost.cpp">
      <Filter>Class\Object\Enemy\Ghost</Filter>
    </ClCompile>
    <ClCompile Include="Class\Object\CarryBlock\IceGhost\IceGhost.cpp">
      <Filter>Class\Object\CarryBlock\IceGhost</Filter>
    </ClCompile>
    <ClCompile Include="Class\DrawMap\DrawMap.cpp">
      <Filter>Class\DrawMap</Filter>
    </ClCompile>
    <ClCompile Include="Class\Scene\Scene.cpp">
      <Filter>Class\Scene</Filter>
    </ClCompile>
    <ClCompile Include="Class\Object\Particle\Particle.cpp">
      <Filter>Class\Object\Particle</Filter>
    </ClCompile>
    <ClCompile Include="Class\Object\CarryBlock\Cushion\Cushion.cpp">
      <Filter>Class\Object\CarryBlock\Cushion</Filter>
    </ClCompile>
    <ClCompile Include="Class\Object\CarryBlock\Bomb\Bomb.cpp">
      <Filter>Class\Object\CarryBlock\Bomb</Filter>
    </ClCompile>
    <ClCompile Include="Class\Object\Particle\SnowCarry\SnowCarry.cpp">
      <Filter>Class\Object\Particle\SnowCarry</Filter>
    </ClCompile>
    <ClCompile Include="Class\Object\Particle\Landing\Landing.cpp">
      <Filter>Class\Object\Particle\Landing</Filter>
    </ClCompile>
    <ClCompile Include="Class\Object\Particle\SnowShining\SnowShining.cpp">
      <Filter>Class\Object\Particle\SnowShining</Filter>
    </ClCompile>
    <ClCompile Include="Class\Object\Particle\Snow\Snow.cpp">
      <Filter>Class\Object\Particle\Snow</Filter>
    </ClCompile>
    <ClCompile Include="Class\Object\Particle\Hinoko\Hinoko.cpp">
      <Filter>Class\Object\Particle\Hinoko</Filter>
    </ClCompile>
    <ClCompile Include="Class\Object\Particle\Water\Water.cpp">
      <Filter>Class\Object\Particle\Water</Filter>
    </ClCompile>
    <ClCompile Include="Class\Object\Particle\Vapor\Vapor.cpp">
      <Filter>Class\Object\Particle\Vapor</Filter>
    </ClCompile>
    <ClCompile Include="Class\Object\Particle\Cold\Cold.cpp">
      <Filter>Class\Object\Particle\Cold</Filter>
    </ClCompile>
  </ItemGroup>
  <ItemGroup>
    <ClInclude Include="C:\KamataEngine\DirectXGame\audio\Audio.h">
      <Filter>KamataEngine\Include</Filter>
    </ClInclude>
    <ClInclude Include="C:\KamataEngine\DirectXGame\2d\DebugText.h">
      <Filter>KamataEngine\Include</Filter>
    </ClInclude>
    <ClInclude Include="C:\KamataEngine\DirectXGame\base\DirectXCommon.h">
      <Filter>KamataEngine\Include</Filter>
    </ClInclude>
    <ClInclude Include="C:\KamataEngine\DirectXGame\scene\GameScene.h">
      <Filter>KamataEngine\Include</Filter>
    </ClInclude>
    <ClInclude Include="C:\KamataEngine\DirectXGame\input\Input.h">
      <Filter>KamataEngine\Include</Filter>
    </ClInclude>
    <ClInclude Include="C:\KamataEngine\DirectXGame\3d\Model.h">
      <Filter>KamataEngine\Include</Filter>
    </ClInclude>
    <ClInclude Include="C:\KamataEngine\DirectXGame\base\SafeDelete.h">
      <Filter>KamataEngine\Include</Filter>
    </ClInclude>
    <ClInclude Include="C:\KamataEngine\DirectXGame\2d\Sprite.h">
      <Filter>KamataEngine\Include</Filter>
    </ClInclude>
    <ClInclude Include="C:\KamataEngine\DirectXGame\base\TextureManager.h">
      <Filter>KamataEngine\Include</Filter>
    </ClInclude>
    <ClInclude Include="C:\KamataEngine\DirectXGame\3d\ViewProjection.h">
      <Filter>KamataEngine\Include</Filter>
    </ClInclude>
    <ClInclude Include="C:\KamataEngine\DirectXGame\base\WinApp.h">
      <Filter>KamataEngine\Include</Filter>
    </ClInclude>
    <ClInclude Include="C:\KamataEngine\DirectXGame\3d\WorldTransform.h">
      <Filter>KamataEngine\Include</Filter>
    </ClInclude>
    <ClInclude Include="C:\KamataEngine\Adapter\Novice.h">
      <Filter>KamataEngine\Adapter</Filter>
    </ClInclude>
    <ClInclude Include="C:\KamataEngine\DirectXGame\3d\CircleShadow.h">
      <Filter>KamataEngine\Include</Filter>
    </ClInclude>
    <ClInclude Include="C:\KamataEngine\DirectXGame\3d\DebugCamera.h">
      <Filter>KamataEngine\Include</Filter>
    </ClInclude>
    <ClInclude Include="C:\KamataEngine\DirectXGame\3d\DirectionalLight.h">
      <Filter>KamataEngine\Include</Filter>
    </ClInclude>
    <ClInclude Include="C:\KamataEngine\DirectXGame\3d\LightGroup.h">
      <Filter>KamataEngine\Include</Filter>
    </ClInclude>
    <ClInclude Include="C:\KamataEngine\DirectXGame\3d\Material.h">
      <Filter>KamataEngine\Include</Filter>
    </ClInclude>
    <ClInclude Include="C:\KamataEngine\DirectXGame\3d\Mesh.h">
      <Filter>KamataEngine\Include</Filter>
    </ClInclude>
    <ClInclude Include="C:\KamataEngine\DirectXGame\3d\PointLight.h">
      <Filter>KamataEngine\Include</Filter>
    </ClInclude>
    <ClInclude Include="C:\KamataEngine\DirectXGame\3d\SpotLight.h">
      <Filter>KamataEngine\Include</Filter>
    </ClInclude>
    <ClInclude Include="C:\KamataEngine\DirectXGame\math\Matrix4x4.h" />
    <ClInclude Include="C:\KamataEngine\DirectXGame\math\Vector2.h" />
    <ClInclude Include="C:\KamataEngine\DirectXGame\math\Vector3.h" />
    <ClInclude Include="C:\KamataEngine\DirectXGame\math\Vector4.h" />
    <ClInclude Include="C:\KamataEngine\DirectXGame\2d\ImGuiManager.h" />
    <ClInclude Include="C:\KamataEngine\DirectXGame\base\StringUtility.h">
      <Filter>KamataEngine\Include</Filter>
    </ClInclude>
    <ClInclude Include="Constant.h" />
    <ClInclude Include="Structure.h" />
    <ClInclude Include="Function\Matrix\Matrix.h">
      <Filter>Function\Matrix</Filter>
    </ClInclude>
    <ClInclude Include="Class\Object\Object.h">
      <Filter>Class\Object</Filter>
    </ClInclude>
    <ClInclude Include="Class\Object\Player\Player.h">
      <Filter>Class\Object\Player</Filter>
    </ClInclude>
    <ClInclude Include="Class\Map\Map.h">
      <Filter>Class\Map</Filter>
    </ClInclude>
    <ClInclude Include="Enumeration.h" />
    <ClInclude Include="Class\Object\CarryBlock\CarryBlock.h">
      <Filter>Class\Object\CarryBlock</Filter>
    </ClInclude>
    <ClInclude Include="Class\Object\CarryBlock\Plastic\Plastic.h">
      <Filter>Class\Object\CarryBlock\Plastic</Filter>
    </ClInclude>
    <ClInclude Include="Class\Object\CarryBlock\Treasure\Treasure.h">
      <Filter>Class\Object\CarryBlock\Treasure</Filter>
    </ClInclude>
    <ClInclude Include="Class\Object\Enemy\Enemy.h">
      <Filter>Class\Object\Enemy</Filter>
    </ClInclude>
    <ClInclude Include="Class\Object\Enemy\Ghost\Ghost.h">
      <Filter>Class\Object\Enemy\Ghost</Filter>
    </ClInclude>
    <ClInclude Include="Class\Object\CarryBlock\IceGhost\IceGhost.h">
      <Filter>Class\Object\CarryBlock\IceGhost</Filter>
    </ClInclude>
    <ClInclude Include="Class\DrawMap\DrawMap.h">
      <Filter>Class\DrawMap</Filter>
    </ClInclude>
    <ClInclude Include="Class\Scene\Scene.h">
      <Filter>Class\Scene</Filter>
    </ClInclude>
    <ClInclude Include="Class\Object\Particle\Particle.h">
      <Filter>Class\Object\Particle</Filter>
    </ClInclude>
    <ClInclude Include="Class\Object\CarryBlock\Cushion\Cushion.h">
      <Filter>Class\Object\CarryBlock\Cushion</Filter>
    </ClInclude>
    <ClInclude Include="Class\Object\CarryBlock\Bomb\Bomb.h">
      <Filter>Class\Object\CarryBlock\Bomb</Filter>
    </ClInclude>
    <ClInclude Include="Class\Object\Particle\SnowCarry\SnowCarry.h">
      <Filter>Class\Object\Particle\SnowCarry</Filter>
    </ClInclude>
    <ClInclude Include="Class\Object\Particle\Landing\Landing.h">
      <Filter>Class\Object\Particle\Landing</Filter>
    </ClInclude>
    <ClInclude Include="Class\Object\Particle\SnowShining\SnowShining.h">
      <Filter>Class\Object\Particle\SnowShining</Filter>
    </ClInclude>
    <ClInclude Include="Class\Object\Particle\Snow\Snow.h">
      <Filter>Class\Object\Particle\Snow</Filter>
    </ClInclude>
    <ClInclude Include="Class\Object\Particle\Hinoko\Hinoko.h">
      <Filter>Class\Object\Particle\Hinoko</Filter>
    </ClInclude>
    <ClInclude Include="Class\Object\Particle\Water\Water.h">
      <Filter>Class\Object\Particle\Water</Filter>
    </ClInclude>
    <ClInclude Include="Class\Object\Particle\Vapor\Vapor.h">
      <Filter>Class\Object\Particle\Vapor</Filter>
    </ClInclude>
    <ClInclude Include="Class\Object\Particle\Cold\Cold.h">
      <Filter>Class\Object\Particle\Cold</Filter>
    </ClInclude>
  </ItemGroup>
</Project>